github.com/google/uuid v1.6.0 h1:NIvaJDMOsjHA8n1jAhLSgzrAzy1Hgr+hNrb57e+94F0=
github.com/google/uuid v1.6.0/go.mod h1:TIyPZe4MgqvfeYDBFedMoGGpEw/LqOeaOT+nhxU+yHo=
github.com/toondb/toondb/toondb-go v0.2.9 h1:agsnpOQJe4FEGb6BWPbMGYbmZ2xLMZKaup4DD0Y35eY=
github.com/toondb/toondb/toondb-go v0.2.9/go.mod h1:+4rKuYZRcDcW0LJF5ohy4M8osSzBAsnOnXD+n8JwYDA=
